// !$*UTF8*$!
{
	archiveVersion = 1;
	classes = {
	};
	objectVersion = 48;
	objects = {

/* Begin PBXBuildFile section */
		1328C2EA1FAE723D0052FAAE /* callViewController.swift in Sources */ = {isa = PBXBuildFile; fileRef = 1328C2E91FAE723D0052FAAE /* callViewController.swift */; };
		1328C2ED1FAE72EF0052FAAE /* Main.storyboard in Resources */ = {isa = PBXBuildFile; fileRef = 1328C2EB1FAE72EF0052FAAE /* Main.storyboard */; };
		1328C2EF1FAE7DEE0052FAAE /* Login.storyboard in Resources */ = {isa = PBXBuildFile; fileRef = 1328C2EE1FAE7DEE0052FAAE /* Login.storyboard */; };
		18F59A841FAE23A200E9AE8D /* RegisterUserViewController.swift in Sources */ = {isa = PBXBuildFile; fileRef = 18F59A831FAE23A200E9AE8D /* RegisterUserViewController.swift */; };
		18F59A861FAE2A1C00E9AE8D /* Extensions.swift in Sources */ = {isa = PBXBuildFile; fileRef = 18F59A851FAE2A1C00E9AE8D /* Extensions.swift */; };
		93999EE1D86AD23C920A64E1 /* Pods_FirstResponder.framework in Frameworks */ = {isa = PBXBuildFile; fileRef = 0022B1455087207312BE55D1 /* Pods_FirstResponder.framework */; };
		DD746FCC1FAD79DA00AF07BE /* AppDelegate.swift in Sources */ = {isa = PBXBuildFile; fileRef = DD746FCB1FAD79DA00AF07BE /* AppDelegate.swift */; };
		DD746FCE1FAD79DA00AF07BE /* ViewController.swift in Sources */ = {isa = PBXBuildFile; fileRef = DD746FCD1FAD79DA00AF07BE /* ViewController.swift */; };
		DD746FD31FAD79DA00AF07BE /* Assets.xcassets in Resources */ = {isa = PBXBuildFile; fileRef = DD746FD21FAD79DA00AF07BE /* Assets.xcassets */; };
		DD746FDE1FAD805300AF07BE /* CoreLocation.framework in Frameworks */ = {isa = PBXBuildFile; fileRef = DD746FDD1FAD804700AF07BE /* CoreLocation.framework */; };
		DD746FE21FAD84CB00AF07BE /* LoginViewController.swift in Sources */ = {isa = PBXBuildFile; fileRef = DD746FE11FAD84CB00AF07BE /* LoginViewController.swift */; };
/* End PBXBuildFile section */

/* Begin PBXFileReference section */
		0022B1455087207312BE55D1 /* Pods_FirstResponder.framework */ = {isa = PBXFileReference; explicitFileType = wrapper.framework; includeInIndex = 0; path = Pods_FirstResponder.framework; sourceTree = BUILT_PRODUCTS_DIR; };
		1328C2E91FAE723D0052FAAE /* callViewController.swift */ = {isa = PBXFileReference; fileEncoding = 4; lastKnownFileType = sourcecode.swift; path = callViewController.swift; sourceTree = "<group>"; };
		1328C2EC1FAE72EF0052FAAE /* Base */ = {isa = PBXFileReference; lastKnownFileType = file.storyboard; name = Base; path = Base.lproj/Main.storyboard; sourceTree = "<group>"; };
		1328C2EE1FAE7DEE0052FAAE /* Login.storyboard */ = {isa = PBXFileReference; fileEncoding = 4; lastKnownFileType = file.storyboard; path = Login.storyboard; sourceTree = "<group>"; };
		18F59A831FAE23A200E9AE8D /* RegisterUserViewController.swift */ = {isa = PBXFileReference; lastKnownFileType = sourcecode.swift; path = RegisterUserViewController.swift; sourceTree = "<group>"; };
		18F59A851FAE2A1C00E9AE8D /* Extensions.swift */ = {isa = PBXFileReference; lastKnownFileType = sourcecode.swift; path = Extensions.swift; sourceTree = "<group>"; };
		4A6D5FE2389EE369FAA3803C /* Pods-FirstResponder.debug.xcconfig */ = {isa = PBXFileReference; includeInIndex = 1; lastKnownFileType = text.xcconfig; name = "Pods-FirstResponder.debug.xcconfig"; path = "Pods/Target Support Files/Pods-FirstResponder/Pods-FirstResponder.debug.xcconfig"; sourceTree = "<group>"; };
		DD1B50951FAEA12400D304B2 /* FirstResponder.entitlements */ = {isa = PBXFileReference; lastKnownFileType = text.plist.entitlements; path = FirstResponder.entitlements; sourceTree = "<group>"; };
		DD746FC81FAD79DA00AF07BE /* FirstResponder.app */ = {isa = PBXFileReference; explicitFileType = wrapper.application; includeInIndex = 0; path = FirstResponder.app; sourceTree = BUILT_PRODUCTS_DIR; };
		DD746FCB1FAD79DA00AF07BE /* AppDelegate.swift */ = {isa = PBXFileReference; lastKnownFileType = sourcecode.swift; path = AppDelegate.swift; sourceTree = "<group>"; };
		DD746FCD1FAD79DA00AF07BE /* ViewController.swift */ = {isa = PBXFileReference; lastKnownFileType = sourcecode.swift; path = ViewController.swift; sourceTree = "<group>"; };
		DD746FD21FAD79DA00AF07BE /* Assets.xcassets */ = {isa = PBXFileReference; lastKnownFileType = folder.assetcatalog; path = Assets.xcassets; sourceTree = "<group>"; };
		DD746FD71FAD79DA00AF07BE /* Info.plist */ = {isa = PBXFileReference; lastKnownFileType = text.plist.xml; path = Info.plist; sourceTree = "<group>"; };
		DD746FDD1FAD804700AF07BE /* CoreLocation.framework */ = {isa = PBXFileReference; lastKnownFileType = wrapper.framework; name = CoreLocation.framework; path = System/Library/Frameworks/CoreLocation.framework; sourceTree = SDKROOT; };
		DD746FE11FAD84CB00AF07BE /* LoginViewController.swift */ = {isa = PBXFileReference; lastKnownFileType = sourcecode.swift; path = LoginViewController.swift; sourceTree = "<group>"; };
		DD7BDD20AE4C62B40599EEEB /* Pods-FirstResponder.release.xcconfig */ = {isa = PBXFileReference; includeInIndex = 1; lastKnownFileType = text.xcconfig; name = "Pods-FirstResponder.release.xcconfig"; path = "Pods/Target Support Files/Pods-FirstResponder/Pods-FirstResponder.release.xcconfig"; sourceTree = "<group>"; };
/* End PBXFileReference section */

/* Begin PBXFrameworksBuildPhase section */
		DD746FC51FAD79DA00AF07BE /* Frameworks */ = {
			isa = PBXFrameworksBuildPhase;
			buildActionMask = 2147483647;
			files = (
				DD746FDE1FAD805300AF07BE /* CoreLocation.framework in Frameworks */,
				93999EE1D86AD23C920A64E1 /* Pods_FirstResponder.framework in Frameworks */,
			);
			runOnlyForDeploymentPostprocessing = 0;
		};
/* End PBXFrameworksBuildPhase section */

/* Begin PBXGroup section */
		97C9D3C92E292BFE1F365F67 /* Frameworks */ = {
			isa = PBXGroup;
			children = (
				DD746FDD1FAD804700AF07BE /* CoreLocation.framework */,
				0022B1455087207312BE55D1 /* Pods_FirstResponder.framework */,
			);
			name = Frameworks;
			sourceTree = "<group>";
		};
		997CC9AD2059EBDD64E57D83 /* Pods */ = {
			isa = PBXGroup;
			children = (
				4A6D5FE2389EE369FAA3803C /* Pods-FirstResponder.debug.xcconfig */,
				DD7BDD20AE4C62B40599EEEB /* Pods-FirstResponder.release.xcconfig */,
			);
			name = Pods;
			sourceTree = "<group>";
		};
		DD746FBF1FAD79DA00AF07BE = {
			isa = PBXGroup;
			children = (
				DD746FCA1FAD79DA00AF07BE /* FirstResponder */,
				DD746FC91FAD79DA00AF07BE /* Products */,
				997CC9AD2059EBDD64E57D83 /* Pods */,
				97C9D3C92E292BFE1F365F67 /* Frameworks */,
			);
			sourceTree = "<group>";
		};
		DD746FC91FAD79DA00AF07BE /* Products */ = {
			isa = PBXGroup;
			children = (
				DD746FC81FAD79DA00AF07BE /* FirstResponder.app */,
			);
			name = Products;
			sourceTree = "<group>";
		};
		DD746FCA1FAD79DA00AF07BE /* FirstResponder */ = {
			isa = PBXGroup;
			children = (
				DD1B50951FAEA12400D304B2 /* FirstResponder.entitlements */,
				1328C2E91FAE723D0052FAAE /* callViewController.swift */,
				DD746FCB1FAD79DA00AF07BE /* AppDelegate.swift */,
				DD746FCD1FAD79DA00AF07BE /* ViewController.swift */,
				DD746FE11FAD84CB00AF07BE /* LoginViewController.swift */,
				DD746FD21FAD79DA00AF07BE /* Assets.xcassets */,
				DD746FD71FAD79DA00AF07BE /* Info.plist */,
				18F59A831FAE23A200E9AE8D /* RegisterUserViewController.swift */,
				18F59A851FAE2A1C00E9AE8D /* Extensions.swift */,
				1328C2EB1FAE72EF0052FAAE /* Main.storyboard */,
				1328C2EE1FAE7DEE0052FAAE /* Login.storyboard */,
			);
			path = FirstResponder;
			sourceTree = "<group>";
		};
/* End PBXGroup section */

/* Begin PBXNativeTarget section */
		DD746FC71FAD79DA00AF07BE /* FirstResponder */ = {
			isa = PBXNativeTarget;
			buildConfigurationList = DD746FDA1FAD79DA00AF07BE /* Build configuration list for PBXNativeTarget "FirstResponder" */;
			buildPhases = (
				24FEE3F3CE2495A12AFD0DBB /* [CP] Check Pods Manifest.lock */,
				DD746FC41FAD79DA00AF07BE /* Sources */,
				DD746FC51FAD79DA00AF07BE /* Frameworks */,
				DD746FC61FAD79DA00AF07BE /* Resources */,
				6BF556DA3C84C81F4D14FCFD /* [CP] Embed Pods Frameworks */,
				600B54D75F4482E5D750267E /* [CP] Copy Pods Resources */,
			);
			buildRules = (
			);
			dependencies = (
			);
			name = FirstResponder;
			productName = FirstResponder;
			productReference = DD746FC81FAD79DA00AF07BE /* FirstResponder.app */;
			productType = "com.apple.product-type.application";
		};
/* End PBXNativeTarget section */

/* Begin PBXProject section */
		DD746FC01FAD79DA00AF07BE /* Project object */ = {
			isa = PBXProject;
			attributes = {
				LastSwiftUpdateCheck = 0900;
				LastUpgradeCheck = 0900;
				ORGANIZATIONNAME = CSUMB;
				TargetAttributes = {
					DD746FC71FAD79DA00AF07BE = {
						CreatedOnToolsVersion = 9.0.1;
						ProvisioningStyle = Automatic;
						SystemCapabilities = {
							com.apple.Push = {
								enabled = 1;
							};
						};
					};
				};
			};
			buildConfigurationList = DD746FC31FAD79DA00AF07BE /* Build configuration list for PBXProject "FirstResponder" */;
			compatibilityVersion = "Xcode 8.0";
			developmentRegion = en;
			hasScannedForEncodings = 0;
			knownRegions = (
				en,
				Base,
			);
			mainGroup = DD746FBF1FAD79DA00AF07BE;
			productRefGroup = DD746FC91FAD79DA00AF07BE /* Products */;
			projectDirPath = "";
			projectRoot = "";
			targets = (
				DD746FC71FAD79DA00AF07BE /* FirstResponder */,
			);
		};
/* End PBXProject section */

/* Begin PBXResourcesBuildPhase section */
		DD746FC61FAD79DA00AF07BE /* Resources */ = {
			isa = PBXResourcesBuildPhase;
			buildActionMask = 2147483647;
			files = (
				DD746FD31FAD79DA00AF07BE /* Assets.xcassets in Resources */,
				1328C2ED1FAE72EF0052FAAE /* Main.storyboard in Resources */,
				1328C2EF1FAE7DEE0052FAAE /* Login.storyboard in Resources */,
			);
			runOnlyForDeploymentPostprocessing = 0;
		};
/* End PBXResourcesBuildPhase section */

/* Begin PBXShellScriptBuildPhase section */
		24FEE3F3CE2495A12AFD0DBB /* [CP] Check Pods Manifest.lock */ = {
			isa = PBXShellScriptBuildPhase;
			buildActionMask = 2147483647;
			files = (
			);
			inputPaths = (
				"${PODS_PODFILE_DIR_PATH}/Podfile.lock",
				"${PODS_ROOT}/Manifest.lock",
			);
			name = "[CP] Check Pods Manifest.lock";
			outputPaths = (
				"$(DERIVED_FILE_DIR)/Pods-FirstResponder-checkManifestLockResult.txt",
			);
			runOnlyForDeploymentPostprocessing = 0;
			shellPath = /bin/sh;
			shellScript = "diff \"${PODS_PODFILE_DIR_PATH}/Podfile.lock\" \"${PODS_ROOT}/Manifest.lock\" > /dev/null\nif [ $? != 0 ] ; then\n    # print error to STDERR\n    echo \"error: The sandbox is not in sync with the Podfile.lock. Run 'pod install' or update your CocoaPods installation.\" >&2\n    exit 1\nfi\n# This output is used by Xcode 'outputs' to avoid re-running this script phase.\necho \"SUCCESS\" > \"${SCRIPT_OUTPUT_FILE_0}\"\n";
			showEnvVarsInLog = 0;
		};
		600B54D75F4482E5D750267E /* [CP] Copy Pods Resources */ = {
			isa = PBXShellScriptBuildPhase;
			buildActionMask = 2147483647;
			files = (
			);
			inputPaths = (
			);
			name = "[CP] Copy Pods Resources";
			outputPaths = (
			);
			runOnlyForDeploymentPostprocessing = 0;
			shellPath = /bin/sh;
			shellScript = "\"${SRCROOT}/Pods/Target Support Files/Pods-FirstResponder/Pods-FirstResponder-resources.sh\"\n";
			showEnvVarsInLog = 0;
		};
		6BF556DA3C84C81F4D14FCFD /* [CP] Embed Pods Frameworks */ = {
			isa = PBXShellScriptBuildPhase;
			buildActionMask = 2147483647;
			files = (
			);
			inputPaths = (
				"${SRCROOT}/Pods/Target Support Files/Pods-FirstResponder/Pods-FirstResponder-frameworks.sh",
				"${BUILT_PRODUCTS_DIR}/Alamofire/Alamofire.framework",
				"${BUILT_PRODUCTS_DIR}/TB/TB.framework",
			);
			name = "[CP] Embed Pods Frameworks";
			outputPaths = (
				"${TARGET_BUILD_DIR}/${FRAMEWORKS_FOLDER_PATH}/Alamofire.framework",
				"${TARGET_BUILD_DIR}/${FRAMEWORKS_FOLDER_PATH}/TB.framework",
			);
			runOnlyForDeploymentPostprocessing = 0;
			shellPath = /bin/sh;
			shellScript = "\"${SRCROOT}/Pods/Target Support Files/Pods-FirstResponder/Pods-FirstResponder-frameworks.sh\"\n";
			showEnvVarsInLog = 0;
		};
/* End PBXShellScriptBuildPhase section */

/* Begin PBXSourcesBuildPhase section */
		DD746FC41FAD79DA00AF07BE /* Sources */ = {
			isa = PBXSourcesBuildPhase;
			buildActionMask = 2147483647;
			files = (
				18F59A861FAE2A1C00E9AE8D /* Extensions.swift in Sources */,
				18F59A841FAE23A200E9AE8D /* RegisterUserViewController.swift in Sources */,
				1328C2EA1FAE723D0052FAAE /* callViewController.swift in Sources */,
				DD746FE21FAD84CB00AF07BE /* LoginViewController.swift in Sources */,
				DD746FCE1FAD79DA00AF07BE /* ViewController.swift in Sources */,
				DD746FCC1FAD79DA00AF07BE /* AppDelegate.swift in Sources */,
			);
			runOnlyForDeploymentPostprocessing = 0;
		};
/* End PBXSourcesBuildPhase section */

/* Begin PBXVariantGroup section */
		1328C2EB1FAE72EF0052FAAE /* Main.storyboard */ = {
			isa = PBXVariantGroup;
			children = (
				1328C2EC1FAE72EF0052FAAE /* Base */,
			);
			name = Main.storyboard;
			sourceTree = "<group>";
		};
/* End PBXVariantGroup section */

/* Begin XCBuildConfiguration section */
		DD746FD81FAD79DA00AF07BE /* Debug */ = {
			isa = XCBuildConfiguration;
			buildSettings = {
				ALWAYS_SEARCH_USER_PATHS = NO;
				CLANG_ANALYZER_NONNULL = YES;
				CLANG_ANALYZER_NUMBER_OBJECT_CONVERSION = YES_AGGRESSIVE;
				CLANG_CXX_LANGUAGE_STANDARD = "gnu++14";
				CLANG_CXX_LIBRARY = "libc++";
				CLANG_ENABLE_MODULES = YES;
				CLANG_ENABLE_OBJC_ARC = YES;
				CLANG_WARN_BLOCK_CAPTURE_AUTORELEASING = YES;
				CLANG_WARN_BOOL_CONVERSION = YES;
				CLANG_WARN_COMMA = YES;
				CLANG_WARN_CONSTANT_CONVERSION = YES;
				CLANG_WARN_DIRECT_OBJC_ISA_USAGE = YES_ERROR;
				CLANG_WARN_DOCUMENTATION_COMMENTS = YES;
				CLANG_WARN_EMPTY_BODY = YES;
				CLANG_WARN_ENUM_CONVERSION = YES;
				CLANG_WARN_INFINITE_RECURSION = YES;
				CLANG_WARN_INT_CONVERSION = YES;
				CLANG_WARN_NON_LITERAL_NULL_CONVERSION = YES;
				CLANG_WARN_OBJC_LITERAL_CONVERSION = YES;
				CLANG_WARN_OBJC_ROOT_CLASS = YES_ERROR;
				CLANG_WARN_RANGE_LOOP_ANALYSIS = YES;
				CLANG_WARN_STRICT_PROTOTYPES = YES;
				CLANG_WARN_SUSPICIOUS_MOVE = YES;
				CLANG_WARN_UNGUARDED_AVAILABILITY = YES_AGGRESSIVE;
				CLANG_WARN_UNREACHABLE_CODE = YES;
				CLANG_WARN__DUPLICATE_METHOD_MATCH = YES;
				CODE_SIGN_IDENTITY = "iPhone Developer";
				COPY_PHASE_STRIP = NO;
				DEBUG_INFORMATION_FORMAT = dwarf;
				ENABLE_STRICT_OBJC_MSGSEND = YES;
				ENABLE_TESTABILITY = YES;
				GCC_C_LANGUAGE_STANDARD = gnu11;
				GCC_DYNAMIC_NO_PIC = NO;
				GCC_NO_COMMON_BLOCKS = YES;
				GCC_OPTIMIZATION_LEVEL = 0;
				GCC_PREPROCESSOR_DEFINITIONS = (
					"DEBUG=1",
					"$(inherited)",
				);
				GCC_WARN_64_TO_32_BIT_CONVERSION = YES;
				GCC_WARN_ABOUT_RETURN_TYPE = YES_ERROR;
				GCC_WARN_UNDECLARED_SELECTOR = YES;
				GCC_WARN_UNINITIALIZED_AUTOS = YES_AGGRESSIVE;
				GCC_WARN_UNUSED_FUNCTION = YES;
				GCC_WARN_UNUSED_VARIABLE = YES;
				IPHONEOS_DEPLOYMENT_TARGET = 11.0;
				MTL_ENABLE_DEBUG_INFO = YES;
				ONLY_ACTIVE_ARCH = YES;
				SDKROOT = iphoneos;
				SWIFT_ACTIVE_COMPILATION_CONDITIONS = DEBUG;
				SWIFT_OPTIMIZATION_LEVEL = "-Onone";
			};
			name = Debug;
		};
		DD746FD91FAD79DA00AF07BE /* Release */ = {
			isa = XCBuildConfiguration;
			buildSettings = {
				ALWAYS_SEARCH_USER_PATHS = NO;
				CLANG_ANALYZER_NONNULL = YES;
				CLANG_ANALYZER_NUMBER_OBJECT_CONVERSION = YES_AGGRESSIVE;
				CLANG_CXX_LANGUAGE_STANDARD = "gnu++14";
				CLANG_CXX_LIBRARY = "libc++";
				CLANG_ENABLE_MODULES = YES;
				CLANG_ENABLE_OBJC_ARC = YES;
				CLANG_WARN_BLOCK_CAPTURE_AUTORELEASING = YES;
				CLANG_WARN_BOOL_CONVERSION = YES;
				CLANG_WARN_COMMA = YES;
				CLANG_WARN_CONSTANT_CONVERSION = YES;
				CLANG_WARN_DIRECT_OBJC_ISA_USAGE = YES_ERROR;
				CLANG_WARN_DOCUMENTATION_COMMENTS = YES;
				CLANG_WARN_EMPTY_BODY = YES;
				CLANG_WARN_ENUM_CONVERSION = YES;
				CLANG_WARN_INFINITE_RECURSION = YES;
				CLANG_WARN_INT_CONVERSION = YES;
				CLANG_WARN_NON_LITERAL_NULL_CONVERSION = YES;
				CLANG_WARN_OBJC_LITERAL_CONVERSION = YES;
				CLANG_WARN_OBJC_ROOT_CLASS = YES_ERROR;
				CLANG_WARN_RANGE_LOOP_ANALYSIS = YES;
				CLANG_WARN_STRICT_PROTOTYPES = YES;
				CLANG_WARN_SUSPICIOUS_MOVE = YES;
				CLANG_WARN_UNGUARDED_AVAILABILITY = YES_AGGRESSIVE;
				CLANG_WARN_UNREACHABLE_CODE = YES;
				CLANG_WARN__DUPLICATE_METHOD_MATCH = YES;
				CODE_SIGN_IDENTITY = "iPhone Developer";
				COPY_PHASE_STRIP = NO;
				DEBUG_INFORMATION_FORMAT = "dwarf-with-dsym";
				ENABLE_NS_ASSERTIONS = NO;
				ENABLE_STRICT_OBJC_MSGSEND = YES;
				GCC_C_LANGUAGE_STANDARD = gnu11;
				GCC_NO_COMMON_BLOCKS = YES;
				GCC_WARN_64_TO_32_BIT_CONVERSION = YES;
				GCC_WARN_ABOUT_RETURN_TYPE = YES_ERROR;
				GCC_WARN_UNDECLARED_SELECTOR = YES;
				GCC_WARN_UNINITIALIZED_AUTOS = YES_AGGRESSIVE;
				GCC_WARN_UNUSED_FUNCTION = YES;
				GCC_WARN_UNUSED_VARIABLE = YES;
				IPHONEOS_DEPLOYMENT_TARGET = 11.0;
				MTL_ENABLE_DEBUG_INFO = NO;
				SDKROOT = iphoneos;
				SWIFT_OPTIMIZATION_LEVEL = "-Owholemodule";
				VALIDATE_PRODUCT = YES;
			};
			name = Release;
		};
		DD746FDB1FAD79DA00AF07BE /* Debug */ = {
			isa = XCBuildConfiguration;
			baseConfigurationReference = 4A6D5FE2389EE369FAA3803C /* Pods-FirstResponder.debug.xcconfig */;
			buildSettings = {
				ASSETCATALOG_COMPILER_APPICON_NAME = AppIcon;
				CODE_SIGN_ENTITLEMENTS = FirstResponder/FirstResponder.entitlements;
				CODE_SIGN_STYLE = Automatic;
				DEVELOPMENT_TEAM = 6XRGVQSWRU;
				INFOPLIST_FILE = FirstResponder/Info.plist;
				IPHONEOS_DEPLOYMENT_TARGET = 10.2;
				LD_RUNPATH_SEARCH_PATHS = "$(inherited) @executable_path/Frameworks";
				PRODUCT_BUNDLE_IDENTIFIER = com.deichelmann.firstresponder;
				PRODUCT_NAME = "$(TARGET_NAME)";
				SWIFT_VERSION = 3.0;
				TARGETED_DEVICE_FAMILY = "1,2";
			};
			name = Debug;
		};
		DD746FDC1FAD79DA00AF07BE /* Release */ = {
			isa = XCBuildConfiguration;
			baseConfigurationReference = DD7BDD20AE4C62B40599EEEB /* Pods-FirstResponder.release.xcconfig */;
			buildSettings = {
				ASSETCATALOG_COMPILER_APPICON_NAME = AppIcon;
				CODE_SIGN_ENTITLEMENTS = FirstResponder/FirstResponder.entitlements;
				CODE_SIGN_STYLE = Automatic;
				DEVELOPMENT_TEAM = 6XRGVQSWRU;
				INFOPLIST_FILE = FirstResponder/Info.plist;
				IPHONEOS_DEPLOYMENT_TARGET = 10.2;
				LD_RUNPATH_SEARCH_PATHS = "$(inherited) @executable_path/Frameworks";
				PRODUCT_BUNDLE_IDENTIFIER = com.deichelmann.firstresponder;
				PRODUCT_NAME = "$(TARGET_NAME)";
				SWIFT_VERSION = 3.0;
				TARGETED_DEVICE_FAMILY = "1,2";
			};
			name = Release;
		};
/* End XCBuildConfiguration section */

/* Begin XCConfigurationList section */
		DD746FC31FAD79DA00AF07BE /* Build configuration list for PBXProject "FirstResponder" */ = {
			isa = XCConfigurationList;
			buildConfigurations = (
				DD746FD81FAD79DA00AF07BE /* Debug */,
				DD746FD91FAD79DA00AF07BE /* Release */,
			);
			defaultConfigurationIsVisible = 0;
			defaultConfigurationName = Release;
		};
		DD746FDA1FAD79DA00AF07BE /* Build configuration list for PBXNativeTarget "FirstResponder" */ = {
			isa = XCConfigurationList;
			buildConfigurations = (
				DD746FDB1FAD79DA00AF07BE /* Debug */,
				DD746FDC1FAD79DA00AF07BE /* Release */,
			);
			defaultConfigurationIsVisible = 0;
			defaultConfigurationName = Release;
		};
/* End XCConfigurationList section */
	};
	rootObject = DD746FC01FAD79DA00AF07BE /* Project object */;
}
